// !$*UTF8*$!
{
	archiveVersion = 1;
	classes = {
	};
	objectVersion = 50;
	objects = {

/* Begin PBXBuildFile section */
		5ABE1AE823F150E500856184 /* AppDelegate.swift in Sources */ = {isa = PBXBuildFile; fileRef = 5ABE1AE723F150E500856184 /* AppDelegate.swift */; };
		5ABE1AEA23F150E500856184 /* SceneDelegate.swift in Sources */ = {isa = PBXBuildFile; fileRef = 5ABE1AE923F150E500856184 /* SceneDelegate.swift */; };
		5ABE1AEF23F150E500856184 /* Main.storyboard in Resources */ = {isa = PBXBuildFile; fileRef = 5ABE1AED23F150E500856184 /* Main.storyboard */; };
		5ABE1AF223F150E500856184 /* NewsApp.xcdatamodeld in Sources */ = {isa = PBXBuildFile; fileRef = 5ABE1AF023F150E500856184 /* NewsApp.xcdatamodeld */; };
		5ABE1AF423F150E700856184 /* Assets.xcassets in Resources */ = {isa = PBXBuildFile; fileRef = 5ABE1AF323F150E700856184 /* Assets.xcassets */; };
		5ABE1AF723F150E700856184 /* LaunchScreen.storyboard in Resources */ = {isa = PBXBuildFile; fileRef = 5ABE1AF523F150E700856184 /* LaunchScreen.storyboard */; };
		5ABE1B0223F150E700856184 /* NewsAppTests.swift in Sources */ = {isa = PBXBuildFile; fileRef = 5ABE1B0123F150E700856184 /* NewsAppTests.swift */; };
		5ABE1B0D23F150E700856184 /* NewsAppUITests.swift in Sources */ = {isa = PBXBuildFile; fileRef = 5ABE1B0C23F150E700856184 /* NewsAppUITests.swift */; };
		5ABE1B2423F1514200856184 /* CountryListVC.swift in Sources */ = {isa = PBXBuildFile; fileRef = 5ABE1B1A23F1514200856184 /* CountryListVC.swift */; };
		5ABE1B2523F1514200856184 /* CountryListConfig.swift in Sources */ = {isa = PBXBuildFile; fileRef = 5ABE1B1C23F1514200856184 /* CountryListConfig.swift */; };
		5ABE1B2623F1514200856184 /* CountryList.swift in Sources */ = {isa = PBXBuildFile; fileRef = 5ABE1B1D23F1514200856184 /* CountryList.swift */; };
		5ABE1B2723F1514200856184 /* CountryListJSON.json in Resources */ = {isa = PBXBuildFile; fileRef = 5ABE1B1E23F1514200856184 /* CountryListJSON.json */; };
		5ABE1B2823F1514200856184 /* URLList.swift in Sources */ = {isa = PBXBuildFile; fileRef = 5ABE1B1F23F1514200856184 /* URLList.swift */; };
		5ABE1B2923F1514200856184 /* Extension-NSError.swift in Sources */ = {isa = PBXBuildFile; fileRef = 5ABE1B2123F1514200856184 /* Extension-NSError.swift */; };
		5ABE1B2A23F1514200856184 /* Constants.swift in Sources */ = {isa = PBXBuildFile; fileRef = 5ABE1B2323F1514200856184 /* Constants.swift */; };
		5ABE1B2C23F1519F00856184 /* TopHeadlinesEnvelope.swift in Sources */ = {isa = PBXBuildFile; fileRef = 5ABE1B2B23F1519F00856184 /* TopHeadlinesEnvelope.swift */; };
		5ABE1B3023F151E500856184 /* CoreDataHelper.swift in Sources */ = {isa = PBXBuildFile; fileRef = 5ABE1B2E23F151E500856184 /* CoreDataHelper.swift */; };
		5ABE1B3123F151E500856184 /* CoreDataStack.swift in Sources */ = {isa = PBXBuildFile; fileRef = 5ABE1B2F23F151E500856184 /* CoreDataStack.swift */; };
		5ABE1B3623F1530100856184 /* TopHeadlines+CoreDataClass.swift in Sources */ = {isa = PBXBuildFile; fileRef = 5ABE1B3423F1530100856184 /* TopHeadlines+CoreDataClass.swift */; };
		5ABE1B3723F1530100856184 /* TopHeadlines+CoreDataProperties.swift in Sources */ = {isa = PBXBuildFile; fileRef = 5ABE1B3523F1530100856184 /* TopHeadlines+CoreDataProperties.swift */; };
		5ABE1B3D23F1596B00856184 /* CountryListViewModel.swift in Sources */ = {isa = PBXBuildFile; fileRef = 5ABE1B3C23F1596B00856184 /* CountryListViewModel.swift */; };
/* End PBXBuildFile section */

/* Begin PBXContainerItemProxy section */
		5ABE1AFE23F150E700856184 /* PBXContainerItemProxy */ = {
			isa = PBXContainerItemProxy;
			containerPortal = 5ABE1ADC23F150E500856184 /* Project object */;
			proxyType = 1;
			remoteGlobalIDString = 5ABE1AE323F150E500856184;
			remoteInfo = NewsApp;
		};
		5ABE1B0923F150E700856184 /* PBXContainerItemProxy */ = {
			isa = PBXContainerItemProxy;
			containerPortal = 5ABE1ADC23F150E500856184 /* Project object */;
			proxyType = 1;
			remoteGlobalIDString = 5ABE1AE323F150E500856184;
			remoteInfo = NewsApp;
		};
/* End PBXContainerItemProxy section */

/* Begin PBXFileReference section */
		5ABE1AE423F150E500856184 /* NewsApp.app */ = {isa = PBXFileReference; explicitFileType = wrapper.application; includeInIndex = 0; path = NewsApp.app; sourceTree = BUILT_PRODUCTS_DIR; };
		5ABE1AE723F150E500856184 /* AppDelegate.swift */ = {isa = PBXFileReference; lastKnownFileType = sourcecode.swift; path = AppDelegate.swift; sourceTree = "<group>"; };
		5ABE1AE923F150E500856184 /* SceneDelegate.swift */ = {isa = PBXFileReference; lastKnownFileType = sourcecode.swift; path = SceneDelegate.swift; sourceTree = "<group>"; };
		5ABE1AEE23F150E500856184 /* Base */ = {isa = PBXFileReference; lastKnownFileType = file.storyboard; name = Base; path = Base.lproj/Main.storyboard; sourceTree = "<group>"; };
		5ABE1AF123F150E500856184 /* NewsApp.xcdatamodel */ = {isa = PBXFileReference; lastKnownFileType = wrapper.xcdatamodel; path = NewsApp.xcdatamodel; sourceTree = "<group>"; };
		5ABE1AF323F150E700856184 /* Assets.xcassets */ = {isa = PBXFileReference; lastKnownFileType = folder.assetcatalog; path = Assets.xcassets; sourceTree = "<group>"; };
		5ABE1AF623F150E700856184 /* Base */ = {isa = PBXFileReference; lastKnownFileType = file.storyboard; name = Base; path = Base.lproj/LaunchScreen.storyboard; sourceTree = "<group>"; };
		5ABE1AF823F150E700856184 /* Info.plist */ = {isa = PBXFileReference; lastKnownFileType = text.plist.xml; path = Info.plist; sourceTree = "<group>"; };
		5ABE1AFD23F150E700856184 /* NewsAppTests.xctest */ = {isa = PBXFileReference; explicitFileType = wrapper.cfbundle; includeInIndex = 0; path = NewsAppTests.xctest; sourceTree = BUILT_PRODUCTS_DIR; };
		5ABE1B0123F150E700856184 /* NewsAppTests.swift */ = {isa = PBXFileReference; lastKnownFileType = sourcecode.swift; path = NewsAppTests.swift; sourceTree = "<group>"; };
		5ABE1B0323F150E700856184 /* Info.plist */ = {isa = PBXFileReference; lastKnownFileType = text.plist.xml; path = Info.plist; sourceTree = "<group>"; };
		5ABE1B0823F150E700856184 /* NewsAppUITests.xctest */ = {isa = PBXFileReference; explicitFileType = wrapper.cfbundle; includeInIndex = 0; path = NewsAppUITests.xctest; sourceTree = BUILT_PRODUCTS_DIR; };
		5ABE1B0C23F150E700856184 /* NewsAppUITests.swift */ = {isa = PBXFileReference; lastKnownFileType = sourcecode.swift; path = NewsAppUITests.swift; sourceTree = "<group>"; };
		5ABE1B0E23F150E700856184 /* Info.plist */ = {isa = PBXFileReference; lastKnownFileType = text.plist.xml; path = Info.plist; sourceTree = "<group>"; };
		5ABE1B1A23F1514200856184 /* CountryListVC.swift */ = {isa = PBXFileReference; fileEncoding = 4; lastKnownFileType = sourcecode.swift; path = CountryListVC.swift; sourceTree = "<group>"; };
		5ABE1B1C23F1514200856184 /* CountryListConfig.swift */ = {isa = PBXFileReference; fileEncoding = 4; lastKnownFileType = sourcecode.swift; path = CountryListConfig.swift; sourceTree = "<group>"; };
		5ABE1B1D23F1514200856184 /* CountryList.swift */ = {isa = PBXFileReference; fileEncoding = 4; lastKnownFileType = sourcecode.swift; path = CountryList.swift; sourceTree = "<group>"; };
		5ABE1B1E23F1514200856184 /* CountryListJSON.json */ = {isa = PBXFileReference; fileEncoding = 4; lastKnownFileType = text.json; path = CountryListJSON.json; sourceTree = "<group>"; };
		5ABE1B1F23F1514200856184 /* URLList.swift */ = {isa = PBXFileReference; fileEncoding = 4; lastKnownFileType = sourcecode.swift; path = URLList.swift; sourceTree = "<group>"; };
		5ABE1B2123F1514200856184 /* Extension-NSError.swift */ = {isa = PBXFileReference; fileEncoding = 4; lastKnownFileType = sourcecode.swift; path = "Extension-NSError.swift"; sourceTree = "<group>"; };
		5ABE1B2323F1514200856184 /* Constants.swift */ = {isa = PBXFileReference; fileEncoding = 4; lastKnownFileType = sourcecode.swift; path = Constants.swift; sourceTree = "<group>"; };
		5ABE1B2B23F1519F00856184 /* TopHeadlinesEnvelope.swift */ = {isa = PBXFileReference; fileEncoding = 4; lastKnownFileType = sourcecode.swift; path = TopHeadlinesEnvelope.swift; sourceTree = "<group>"; };
		5ABE1B2E23F151E500856184 /* CoreDataHelper.swift */ = {isa = PBXFileReference; fileEncoding = 4; lastKnownFileType = sourcecode.swift; path = CoreDataHelper.swift; sourceTree = "<group>"; };
		5ABE1B2F23F151E500856184 /* CoreDataStack.swift */ = {isa = PBXFileReference; fileEncoding = 4; lastKnownFileType = sourcecode.swift; path = CoreDataStack.swift; sourceTree = "<group>"; };
		5ABE1B3423F1530100856184 /* TopHeadlines+CoreDataClass.swift */ = {isa = PBXFileReference; lastKnownFileType = sourcecode.swift; path = "TopHeadlines+CoreDataClass.swift"; sourceTree = "<group>"; };
		5ABE1B3523F1530100856184 /* TopHeadlines+CoreDataProperties.swift */ = {isa = PBXFileReference; lastKnownFileType = sourcecode.swift; path = "TopHeadlines+CoreDataProperties.swift"; sourceTree = "<group>"; };
		5ABE1B3C23F1596B00856184 /* CountryListViewModel.swift */ = {isa = PBXFileReference; lastKnownFileType = sourcecode.swift; path = CountryListViewModel.swift; sourceTree = "<group>"; };
/* End PBXFileReference section */

/* Begin PBXFrameworksBuildPhase section */
		5ABE1AE123F150E500856184 /* Frameworks */ = {
			isa = PBXFrameworksBuildPhase;
			buildActionMask = 2147483647;
			files = (
			);
			runOnlyForDeploymentPostprocessing = 0;
		};
		5ABE1AFA23F150E700856184 /* Frameworks */ = {
			isa = PBXFrameworksBuildPhase;
			buildActionMask = 2147483647;
			files = (
			);
			runOnlyForDeploymentPostprocessing = 0;
		};
		5ABE1B0523F150E700856184 /* Frameworks */ = {
			isa = PBXFrameworksBuildPhase;
			buildActionMask = 2147483647;
			files = (
			);
			runOnlyForDeploymentPostprocessing = 0;
		};
/* End PBXFrameworksBuildPhase section */

/* Begin PBXGroup section */
		5ABE1ADB23F150E500856184 = {
			isa = PBXGroup;
			children = (
				5ABE1AE623F150E500856184 /* NewsApp */,
				5ABE1B0023F150E700856184 /* NewsAppTests */,
				5ABE1B0B23F150E700856184 /* NewsAppUITests */,
				5ABE1AE523F150E500856184 /* Products */,
			);
			sourceTree = "<group>";
		};
		5ABE1AE523F150E500856184 /* Products */ = {
			isa = PBXGroup;
			children = (
				5ABE1AE423F150E500856184 /* NewsApp.app */,
				5ABE1AFD23F150E700856184 /* NewsAppTests.xctest */,
				5ABE1B0823F150E700856184 /* NewsAppUITests.xctest */,
			);
			name = Products;
			sourceTree = "<group>";
		};
		5ABE1AE623F150E500856184 /* NewsApp */ = {
			isa = PBXGroup;
			children = (
				5ABE1AE723F150E500856184 /* AppDelegate.swift */,
				5ABE1AE923F150E500856184 /* SceneDelegate.swift */,
				5ABE1B2D23F151A300856184 /* Models */,
				5ABE1B1B23F1514200856184 /* Country List */,
				5ABE1B3323F1523400856184 /* Controllers */,
				5ABE1B3E23F15A1C00856184 /* View Models */,
				5ABE1B2023F1514200856184 /* Extensions */,
				5ABE1B3923F1558F00856184 /* Network Layer */,
				5ABE1B2223F1514200856184 /* Utility */,
				5ABE1B3223F151EB00856184 /* CoreData Helper */,
				5ABE1AED23F150E500856184 /* Main.storyboard */,
				5ABE1AF323F150E700856184 /* Assets.xcassets */,
				5ABE1AF523F150E700856184 /* LaunchScreen.storyboard */,
				5ABE1AF823F150E700856184 /* Info.plist */,
			);
			path = NewsApp;
			sourceTree = "<group>";
		};
		5ABE1B0023F150E700856184 /* NewsAppTests */ = {
			isa = PBXGroup;
			children = (
				5ABE1B0123F150E700856184 /* NewsAppTests.swift */,
				5ABE1B0323F150E700856184 /* Info.plist */,
			);
			path = NewsAppTests;
			sourceTree = "<group>";
		};
		5ABE1B0B23F150E700856184 /* NewsAppUITests */ = {
			isa = PBXGroup;
			children = (
				5ABE1B0C23F150E700856184 /* NewsAppUITests.swift */,
				5ABE1B0E23F150E700856184 /* Info.plist */,
			);
			path = NewsAppUITests;
			sourceTree = "<group>";
		};
		5ABE1B1B23F1514200856184 /* Country List */ = {
			isa = PBXGroup;
			children = (
				5ABE1B1C23F1514200856184 /* CountryListConfig.swift */,
				5ABE1B1E23F1514200856184 /* CountryListJSON.json */,
			);
			path = "Country List";
			sourceTree = "<group>";
		};
		5ABE1B2023F1514200856184 /* Extensions */ = {
			isa = PBXGroup;
			children = (
				5ABE1B2123F1514200856184 /* Extension-NSError.swift */,
			);
			path = Extensions;
			sourceTree = "<group>";
		};
		5ABE1B2223F1514200856184 /* Utility */ = {
			isa = PBXGroup;
			children = (
				5ABE1B2323F1514200856184 /* Constants.swift */,
			);
			path = Utility;
			sourceTree = "<group>";
		};
		5ABE1B2D23F151A300856184 /* Models */ = {
			isa = PBXGroup;
			children = (
				5ABE1B1D23F1514200856184 /* CountryList.swift */,
				5ABE1B2B23F1519F00856184 /* TopHeadlinesEnvelope.swift */,
			);
			path = Models;
			sourceTree = "<group>";
		};
		5ABE1B3223F151EB00856184 /* CoreData Helper */ = {
			isa = PBXGroup;
			children = (
				5ABE1B3823F1531800856184 /* CoreData Coge Gen Files */,
				5ABE1AF023F150E500856184 /* NewsApp.xcdatamodeld */,
				5ABE1B2E23F151E500856184 /* CoreDataHelper.swift */,
				5ABE1B2F23F151E500856184 /* CoreDataStack.swift */,
			);
			path = "CoreData Helper";
			sourceTree = "<group>";
		};
		5ABE1B3323F1523400856184 /* Controllers */ = {
			isa = PBXGroup;
			children = (
				5ABE1B1A23F1514200856184 /* CountryListVC.swift */,
			);
			path = Controllers;
			sourceTree = "<group>";
		};
		5ABE1B3823F1531800856184 /* CoreData Coge Gen Files */ = {
			isa = PBXGroup;
			children = (
				5ABE1B3423F1530100856184 /* TopHeadlines+CoreDataClass.swift */,
				5ABE1B3523F1530100856184 /* TopHeadlines+CoreDataProperties.swift */,
			);
			path = "CoreData Coge Gen Files";
			sourceTree = "<group>";
		};
		5ABE1B3923F1558F00856184 /* Network Layer */ = {
			isa = PBXGroup;
			children = (
				5ABE1B1F23F1514200856184 /* URLList.swift */,
			);
			path = "Network Layer";
			sourceTree = "<group>";
		};
		5ABE1B3E23F15A1C00856184 /* View Models */ = {
			isa = PBXGroup;
			children = (
				5ABE1B3C23F1596B00856184 /* CountryListViewModel.swift */,
			);
			path = "View Models";
			sourceTree = "<group>";
		};
/* End PBXGroup section */

/* Begin PBXNativeTarget section */
		5ABE1AE323F150E500856184 /* NewsApp */ = {
			isa = PBXNativeTarget;
			buildConfigurationList = 5ABE1B1123F150E700856184 /* Build configuration list for PBXNativeTarget "NewsApp" */;
			buildPhases = (
				5ABE1AE023F150E500856184 /* Sources */,
				5ABE1AE123F150E500856184 /* Frameworks */,
				5ABE1AE223F150E500856184 /* Resources */,
			);
			buildRules = (
			);
			dependencies = (
			);
			name = NewsApp;
			productName = NewsApp;
			productReference = 5ABE1AE423F150E500856184 /* NewsApp.app */;
			productType = "com.apple.product-type.application";
		};
		5ABE1AFC23F150E700856184 /* NewsAppTests */ = {
			isa = PBXNativeTarget;
			buildConfigurationList = 5ABE1B1423F150E700856184 /* Build configuration list for PBXNativeTarget "NewsAppTests" */;
			buildPhases = (
				5ABE1AF923F150E700856184 /* Sources */,
				5ABE1AFA23F150E700856184 /* Frameworks */,
				5ABE1AFB23F150E700856184 /* Resources */,
			);
			buildRules = (
			);
			dependencies = (
				5ABE1AFF23F150E700856184 /* PBXTargetDependency */,
			);
			name = NewsAppTests;
			productName = NewsAppTests;
			productReference = 5ABE1AFD23F150E700856184 /* NewsAppTests.xctest */;
			productType = "com.apple.product-type.bundle.unit-test";
		};
		5ABE1B0723F150E700856184 /* NewsAppUITests */ = {
			isa = PBXNativeTarget;
			buildConfigurationList = 5ABE1B1723F150E700856184 /* Build configuration list for PBXNativeTarget "NewsAppUITests" */;
			buildPhases = (
				5ABE1B0423F150E700856184 /* Sources */,
				5ABE1B0523F150E700856184 /* Frameworks */,
				5ABE1B0623F150E700856184 /* Resources */,
			);
			buildRules = (
			);
			dependencies = (
				5ABE1B0A23F150E700856184 /* PBXTargetDependency */,
			);
			name = NewsAppUITests;
			productName = NewsAppUITests;
			productReference = 5ABE1B0823F150E700856184 /* NewsAppUITests.xctest */;
			productType = "com.apple.product-type.bundle.ui-testing";
		};
/* End PBXNativeTarget section */

/* Begin PBXProject section */
		5ABE1ADC23F150E500856184 /* Project object */ = {
			isa = PBXProject;
			attributes = {
				LastSwiftUpdateCheck = 1130;
				LastUpgradeCheck = 1130;
				ORGANIZATIONNAME = "Shubham Kapoor";
				TargetAttributes = {
					5ABE1AE323F150E500856184 = {
						CreatedOnToolsVersion = 11.3.1;
					};
					5ABE1AFC23F150E700856184 = {
						CreatedOnToolsVersion = 11.3.1;
						TestTargetID = 5ABE1AE323F150E500856184;
					};
					5ABE1B0723F150E700856184 = {
						CreatedOnToolsVersion = 11.3.1;
						TestTargetID = 5ABE1AE323F150E500856184;
					};
				};
			};
			buildConfigurationList = 5ABE1ADF23F150E500856184 /* Build configuration list for PBXProject "NewsApp" */;
			compatibilityVersion = "Xcode 9.3";
			developmentRegion = en;
			hasScannedForEncodings = 0;
			knownRegions = (
				en,
				Base,
			);
			mainGroup = 5ABE1ADB23F150E500856184;
			productRefGroup = 5ABE1AE523F150E500856184 /* Products */;
			projectDirPath = "";
			projectRoot = "";
			targets = (
				5ABE1AE323F150E500856184 /* NewsApp */,
				5ABE1AFC23F150E700856184 /* NewsAppTests */,
				5ABE1B0723F150E700856184 /* NewsAppUITests */,
			);
		};
/* End PBXProject section */

/* Begin PBXResourcesBuildPhase section */
		5ABE1AE223F150E500856184 /* Resources */ = {
			isa = PBXResourcesBuildPhase;
			buildActionMask = 2147483647;
			files = (
				5ABE1AF723F150E700856184 /* LaunchScreen.storyboard in Resources */,
				5ABE1AF423F150E700856184 /* Assets.xcassets in Resources */,
				5ABE1B2723F1514200856184 /* CountryListJSON.json in Resources */,
				5ABE1AEF23F150E500856184 /* Main.storyboard in Resources */,
			);
			runOnlyForDeploymentPostprocessing = 0;
		};
		5ABE1AFB23F150E700856184 /* Resources */ = {
			isa = PBXResourcesBuildPhase;
			buildActionMask = 2147483647;
			files = (
			);
			runOnlyForDeploymentPostprocessing = 0;
		};
		5ABE1B0623F150E700856184 /* Resources */ = {
			isa = PBXResourcesBuildPhase;
			buildActionMask = 2147483647;
			files = (
			);
			runOnlyForDeploymentPostprocessing = 0;
		};
/* End PBXResourcesBuildPhase section */

/* Begin PBXSourcesBuildPhase section */
		5ABE1AE023F150E500856184 /* Sources */ = {
			isa = PBXSourcesBuildPhase;
			buildActionMask = 2147483647;
			files = (
				5ABE1AE823F150E500856184 /* AppDelegate.swift in Sources */,
				5ABE1B3D23F1596B00856184 /* CountryListViewModel.swift in Sources */,
				5ABE1B2C23F1519F00856184 /* TopHeadlinesEnvelope.swift in Sources */,
				5ABE1AF223F150E500856184 /* NewsApp.xcdatamodeld in Sources */,
				5ABE1B3123F151E500856184 /* CoreDataStack.swift in Sources */,
				5ABE1AEA23F150E500856184 /* SceneDelegate.swift in Sources */,
				5ABE1B2523F1514200856184 /* CountryListConfig.swift in Sources */,
				5ABE1B2A23F1514200856184 /* Constants.swift in Sources */,
				5ABE1B2623F1514200856184 /* CountryList.swift in Sources */,
				5ABE1B2923F1514200856184 /* Extension-NSError.swift in Sources */,
				5ABE1B3623F1530100856184 /* TopHeadlines+CoreDataClass.swift in Sources */,
				5ABE1B3023F151E500856184 /* CoreDataHelper.swift in Sources */,
				5ABE1B3723F1530100856184 /* TopHeadlines+CoreDataProperties.swift in Sources */,
				5ABE1B2423F1514200856184 /* CountryListVC.swift in Sources */,
				5ABE1B2823F1514200856184 /* URLList.swift in Sources */,
			);
			runOnlyForDeploymentPostprocessing = 0;
		};
		5ABE1AF923F150E700856184 /* Sources */ = {
			isa = PBXSourcesBuildPhase;
			buildActionMask = 2147483647;
			files = (
				5ABE1B0223F150E700856184 /* NewsAppTests.swift in Sources */,
			);
			runOnlyForDeploymentPostprocessing = 0;
		};
		5ABE1B0423F150E700856184 /* Sources */ = {
			isa = PBXSourcesBuildPhase;
			buildActionMask = 2147483647;
			files = (
				5ABE1B0D23F150E700856184 /* NewsAppUITests.swift in Sources */,
			);
			runOnlyForDeploymentPostprocessing = 0;
		};
/* End PBXSourcesBuildPhase section */

/* Begin PBXTargetDependency section */
		5ABE1AFF23F150E700856184 /* PBXTargetDependency */ = {
			isa = PBXTargetDependency;
			target = 5ABE1AE323F150E500856184 /* NewsApp */;
			targetProxy = 5ABE1AFE23F150E700856184 /* PBXContainerItemProxy */;
		};
		5ABE1B0A23F150E700856184 /* PBXTargetDependency */ = {
			isa = PBXTargetDependency;
			target = 5ABE1AE323F150E500856184 /* NewsApp */;
			targetProxy = 5ABE1B0923F150E700856184 /* PBXContainerItemProxy */;
		};
/* End PBXTargetDependency section */

/* Begin PBXVariantGroup section */
		5ABE1AED23F150E500856184 /* Main.storyboard */ = {
			isa = PBXVariantGroup;
			children = (
				5ABE1AEE23F150E500856184 /* Base */,
			);
			name = Main.storyboard;
			sourceTree = "<group>";
		};
		5ABE1AF523F150E700856184 /* LaunchScreen.storyboard */ = {
			isa = PBXVariantGroup;
			children = (
				5ABE1AF623F150E700856184 /* Base */,
			);
			name = LaunchScreen.storyboard;
			sourceTree = "<group>";
		};
/* End PBXVariantGroup section */

/* Begin XCBuildConfiguration section */
		5ABE1B0F23F150E700856184 /* Debug */ = {
			isa = XCBuildConfiguration;
			buildSettings = {
				ALWAYS_SEARCH_USER_PATHS = NO;
				CLANG_ANALYZER_NONNULL = YES;
				CLANG_ANALYZER_NUMBER_OBJECT_CONVERSION = YES_AGGRESSIVE;
				CLANG_CXX_LANGUAGE_STANDARD = "gnu++14";
				CLANG_CXX_LIBRARY = "libc++";
				CLANG_ENABLE_MODULES = YES;
				CLANG_ENABLE_OBJC_ARC = YES;
				CLANG_ENABLE_OBJC_WEAK = YES;
				CLANG_WARN_BLOCK_CAPTURE_AUTORELEASING = YES;
				CLANG_WARN_BOOL_CONVERSION = YES;
				CLANG_WARN_COMMA = YES;
				CLANG_WARN_CONSTANT_CONVERSION = YES;
				CLANG_WARN_DEPRECATED_OBJC_IMPLEMENTATIONS = YES;
				CLANG_WARN_DIRECT_OBJC_ISA_USAGE = YES_ERROR;
				CLANG_WARN_DOCUMENTATION_COMMENTS = YES;
				CLANG_WARN_EMPTY_BODY = YES;
				CLANG_WARN_ENUM_CONVERSION = YES;
				CLANG_WARN_INFINITE_RECURSION = YES;
				CLANG_WARN_INT_CONVERSION = YES;
				CLANG_WARN_NON_LITERAL_NULL_CONVERSION = YES;
				CLANG_WARN_OBJC_IMPLICIT_RETAIN_SELF = YES;
				CLANG_WARN_OBJC_LITERAL_CONVERSION = YES;
				CLANG_WARN_OBJC_ROOT_CLASS = YES_ERROR;
				CLANG_WARN_RANGE_LOOP_ANALYSIS = YES;
				CLANG_WARN_STRICT_PROTOTYPES = YES;
				CLANG_WARN_SUSPICIOUS_MOVE = YES;
				CLANG_WARN_UNGUARDED_AVAILABILITY = YES_AGGRESSIVE;
				CLANG_WARN_UNREACHABLE_CODE = YES;
				CLANG_WARN__DUPLICATE_METHOD_MATCH = YES;
				COPY_PHASE_STRIP = NO;
				DEBUG_INFORMATION_FORMAT = dwarf;
				ENABLE_STRICT_OBJC_MSGSEND = YES;
				ENABLE_TESTABILITY = YES;
				GCC_C_LANGUAGE_STANDARD = gnu11;
				GCC_DYNAMIC_NO_PIC = NO;
				GCC_NO_COMMON_BLOCKS = YES;
				GCC_OPTIMIZATION_LEVEL = 0;
				GCC_PREPROCESSOR_DEFINITIONS = (
					"DEBUG=1",
					"$(inherited)",
				);
				GCC_WARN_64_TO_32_BIT_CONVERSION = YES;
				GCC_WARN_ABOUT_RETURN_TYPE = YES_ERROR;
				GCC_WARN_UNDECLARED_SELECTOR = YES;
				GCC_WARN_UNINITIALIZED_AUTOS = YES_AGGRESSIVE;
				GCC_WARN_UNUSED_FUNCTION = YES;
				GCC_WARN_UNUSED_VARIABLE = YES;
				IPHONEOS_DEPLOYMENT_TARGET = 13.2;
				MTL_ENABLE_DEBUG_INFO = INCLUDE_SOURCE;
				MTL_FAST_MATH = YES;
				ONLY_ACTIVE_ARCH = YES;
				SDKROOT = iphoneos;
				SWIFT_ACTIVE_COMPILATION_CONDITIONS = DEBUG;
				SWIFT_OPTIMIZATION_LEVEL = "-Onone";
			};
			name = Debug;
		};
		5ABE1B1023F150E700856184 /* Release */ = {
			isa = XCBuildConfiguration;
			buildSettings = {
				ALWAYS_SEARCH_USER_PATHS = NO;
				CLANG_ANALYZER_NONNULL = YES;
				CLANG_ANALYZER_NUMBER_OBJECT_CONVERSION = YES_AGGRESSIVE;
				CLANG_CXX_LANGUAGE_STANDARD = "gnu++14";
				CLANG_CXX_LIBRARY = "libc++";
				CLANG_ENABLE_MODULES = YES;
				CLANG_ENABLE_OBJC_ARC = YES;
				CLANG_ENABLE_OBJC_WEAK = YES;
				CLANG_WARN_BLOCK_CAPTURE_AUTORELEASING = YES;
				CLANG_WARN_BOOL_CONVERSION = YES;
				CLANG_WARN_COMMA = YES;
				CLANG_WARN_CONSTANT_CONVERSION = YES;
				CLANG_WARN_DEPRECATED_OBJC_IMPLEMENTATIONS = YES;
				CLANG_WARN_DIRECT_OBJC_ISA_USAGE = YES_ERROR;
				CLANG_WARN_DOCUMENTATION_COMMENTS = YES;
				CLANG_WARN_EMPTY_BODY = YES;
				CLANG_WARN_ENUM_CONVERSION = YES;
				CLANG_WARN_INFINITE_RECURSION = YES;
				CLANG_WARN_INT_CONVERSION = YES;
				CLANG_WARN_NON_LITERAL_NULL_CONVERSION = YES;
				CLANG_WARN_OBJC_IMPLICIT_RETAIN_SELF = YES;
				CLANG_WARN_OBJC_LITERAL_CONVERSION = YES;
				CLANG_WARN_OBJC_ROOT_CLASS = YES_ERROR;
				CLANG_WARN_RANGE_LOOP_ANALYSIS = YES;
				CLANG_WARN_STRICT_PROTOTYPES = YES;
				CLANG_WARN_SUSPICIOUS_MOVE = YES;
				CLANG_WARN_UNGUARDED_AVAILABILITY = YES_AGGRESSIVE;
				CLANG_WARN_UNREACHABLE_CODE = YES;
				CLANG_WARN__DUPLICATE_METHOD_MATCH = YES;
				COPY_PHASE_STRIP = NO;
				DEBUG_INFORMATION_FORMAT = "dwarf-with-dsym";
				ENABLE_NS_ASSERTIONS = NO;
				ENABLE_STRICT_OBJC_MSGSEND = YES;
				GCC_C_LANGUAGE_STANDARD = gnu11;
				GCC_NO_COMMON_BLOCKS = YES;
				GCC_WARN_64_TO_32_BIT_CONVERSION = YES;
				GCC_WARN_ABOUT_RETURN_TYPE = YES_ERROR;
				GCC_WARN_UNDECLARED_SELECTOR = YES;
				GCC_WARN_UNINITIALIZED_AUTOS = YES_AGGRESSIVE;
				GCC_WARN_UNUSED_FUNCTION = YES;
				GCC_WARN_UNUSED_VARIABLE = YES;
				IPHONEOS_DEPLOYMENT_TARGET = 13.2;
				MTL_ENABLE_DEBUG_INFO = NO;
				MTL_FAST_MATH = YES;
				SDKROOT = iphoneos;
				SWIFT_COMPILATION_MODE = wholemodule;
				SWIFT_OPTIMIZATION_LEVEL = "-O";
				VALIDATE_PRODUCT = YES;
			};
			name = Release;
		};
		5ABE1B1223F150E700856184 /* Debug */ = {
			isa = XCBuildConfiguration;
			buildSettings = {
				ASSETCATALOG_COMPILER_APPICON_NAME = AppIcon;
				CODE_SIGN_STYLE = Automatic;
				DEVELOPMENT_TEAM = E4WCXE99EM;
				INFOPLIST_FILE = NewsApp/Info.plist;
				LD_RUNPATH_SEARCH_PATHS = (
					"$(inherited)",
					"@executable_path/Frameworks",
				);
				PRODUCT_BUNDLE_IDENTIFIER = com.shubham.NewsApp;
				PRODUCT_NAME = "$(TARGET_NAME)";
				SWIFT_VERSION = 5.0;
				TARGETED_DEVICE_FAMILY = "1,2";
			};
			name = Debug;
		};
		5ABE1B1323F150E700856184 /* Release */ = {
			isa = XCBuildConfiguration;
			buildSettings = {
				ASSETCATALOG_COMPILER_APPICON_NAME = AppIcon;
				CODE_SIGN_STYLE = Automatic;
				DEVELOPMENT_TEAM = E4WCXE99EM;
				INFOPLIST_FILE = NewsApp/Info.plist;
				LD_RUNPATH_SEARCH_PATHS = (
					"$(inherited)",
					"@executable_path/Frameworks",
				);
				PRODUCT_BUNDLE_IDENTIFIER = com.shubham.NewsApp;
				PRODUCT_NAME = "$(TARGET_NAME)";
				SWIFT_VERSION = 5.0;
				TARGETED_DEVICE_FAMILY = "1,2";
			};
			name = Release;
		};
		5ABE1B1523F150E700856184 /* Debug */ = {
			isa = XCBuildConfiguration;
			buildSettings = {
				ALWAYS_EMBED_SWIFT_STANDARD_LIBRARIES = YES;
				BUNDLE_LOADER = "$(TEST_HOST)";
				CODE_SIGN_STYLE = Automatic;
				DEVELOPMENT_TEAM = E4WCXE99EM;
				INFOPLIST_FILE = NewsAppTests/Info.plist;
				IPHONEOS_DEPLOYMENT_TARGET = 13.2;
				LD_RUNPATH_SEARCH_PATHS = (
					"$(inherited)",
					"@executable_path/Frameworks",
					"@loader_path/Frameworks",
				);
				PRODUCT_BUNDLE_IDENTIFIER = com.shubham.NewsAppTests;
				PRODUCT_NAME = "$(TARGET_NAME)";
				SWIFT_VERSION = 5.0;
				TARGETED_DEVICE_FAMILY = "1,2";
				TEST_HOST = "$(BUILT_PRODUCTS_DIR)/NewsApp.app/NewsApp";
			};
			name = Debug;
		};
		5ABE1B1623F150E700856184 /* Release */ = {
			isa = XCBuildConfiguration;
			buildSettings = {
				ALWAYS_EMBED_SWIFT_STANDARD_LIBRARIES = YES;
				BUNDLE_LOADER = "$(TEST_HOST)";
				CODE_SIGN_STYLE = Automatic;
				DEVELOPMENT_TEAM = E4WCXE99EM;
				INFOPLIST_FILE = NewsAppTests/Info.plist;
				IPHONEOS_DEPLOYMENT_TARGET = 13.2;
				LD_RUNPATH_SEARCH_PATHS = (
					"$(inherited)",
					"@executable_path/Frameworks",
					"@loader_path/Frameworks",
				);
				PRODUCT_BUNDLE_IDENTIFIER = com.shubham.NewsAppTests;
				PRODUCT_NAME = "$(TARGET_NAME)";
				SWIFT_VERSION = 5.0;
				TARGETED_DEVICE_FAMILY = "1,2";
				TEST_HOST = "$(BUILT_PRODUCTS_DIR)/NewsApp.app/NewsApp";
			};
			name = Release;
		};
		5ABE1B1823F150E700856184 /* Debug */ = {
			isa = XCBuildConfiguration;
			buildSettings = {
				ALWAYS_EMBED_SWIFT_STANDARD_LIBRARIES = YES;
				CODE_SIGN_STYLE = Automatic;
				DEVELOPMENT_TEAM = E4WCXE99EM;
				INFOPLIST_FILE = NewsAppUITests/Info.plist;
				LD_RUNPATH_SEARCH_PATHS = (
					"$(inherited)",
					"@executable_path/Frameworks",
					"@loader_path/Frameworks",
				);
				PRODUCT_BUNDLE_IDENTIFIER = com.shubham.NewsAppUITests;
				PRODUCT_NAME = "$(TARGET_NAME)";
				SWIFT_VERSION = 5.0;
				TARGETED_DEVICE_FAMILY = "1,2";
				TEST_TARGET_NAME = NewsApp;
			};
			name = Debug;
		};
		5ABE1B1923F150E700856184 /* Release */ = {
			isa = XCBuildConfiguration;
			buildSettings = {
				ALWAYS_EMBED_SWIFT_STANDARD_LIBRARIES = YES;
				CODE_SIGN_STYLE = Automatic;
				DEVELOPMENT_TEAM = E4WCXE99EM;
				INFOPLIST_FILE = NewsAppUITests/Info.plist;
				LD_RUNPATH_SEARCH_PATHS = (
					"$(inherited)",
					"@executable_path/Frameworks",
					"@loader_path/Frameworks",
				);
				PRODUCT_BUNDLE_IDENTIFIER = com.shubham.NewsAppUITests;
				PRODUCT_NAME = "$(TARGET_NAME)";
				SWIFT_VERSION = 5.0;
				TARGETED_DEVICE_FAMILY = "1,2";
				TEST_TARGET_NAME = NewsApp;
			};
			name = Release;
		};
/* End XCBuildConfiguration section */

/* Begin XCConfigurationList section */
		5ABE1ADF23F150E500856184 /* Build configuration list for PBXProject "NewsApp" */ = {
			isa = XCConfigurationList;
			buildConfigurations = (
				5ABE1B0F23F150E700856184 /* Debug */,
				5ABE1B1023F150E700856184 /* Release */,
			);
			defaultConfigurationIsVisible = 0;
			defaultConfigurationName = Release;
		};
		5ABE1B1123F150E700856184 /* Build configuration list for PBXNativeTarget "NewsApp" */ = {
			isa = XCConfigurationList;
			buildConfigurations = (
				5ABE1B1223F150E700856184 /* Debug */,
				5ABE1B1323F150E700856184 /* Release */,
			);
			defaultConfigurationIsVisible = 0;
			defaultConfigurationName = Release;
		};
		5ABE1B1423F150E700856184 /* Build configuration list for PBXNativeTarget "NewsAppTests" */ = {
			isa = XCConfigurationList;
			buildConfigurations = (
				5ABE1B1523F150E700856184 /* Debug */,
				5ABE1B1623F150E700856184 /* Release */,
			);
			defaultConfigurationIsVisible = 0;
			defaultConfigurationName = Release;
		};
		5ABE1B1723F150E700856184 /* Build configuration list for PBXNativeTarget "NewsAppUITests" */ = {
			isa = XCConfigurationList;
			buildConfigurations = (
				5ABE1B1823F150E700856184 /* Debug */,
				5ABE1B1923F150E700856184 /* Release */,
			);
			defaultConfigurationIsVisible = 0;
			defaultConfigurationName = Release;
		};
/* End XCConfigurationList section */

/* Begin XCVersionGroup section */
		5ABE1AF023F150E500856184 /* NewsApp.xcdatamodeld */ = {
			isa = XCVersionGroup;
			children = (
				5ABE1AF123F150E500856184 /* NewsApp.xcdatamodel */,
			);
			currentVersion = 5ABE1AF123F150E500856184 /* NewsApp.xcdatamodel */;
			path = NewsApp.xcdatamodeld;
			sourceTree = "<group>";
			versionGroupType = wrapper.xcdatamodel;
		};
/* End XCVersionGroup section */
	};
	rootObject = 5ABE1ADC23F150E500856184 /* Project object */;
}
